
Microsoft Visual Studio Solution File, Format Version 12.00
# Visual Studio Version 16
VisualStudioVersion = 16.0.30330.147
MinimumVisualStudioVersion = 10.0.40219.1
Project("{FAE04EC0-301F-11D3-BF4B-00C04F79EFBC}") = "StateApi", "StateApi\StateApi.csproj", "{01F2538C-32D0-4F4D-83AF-71584112C2F5}"
EndProject
Global
	GlobalSection(SolutionConfigurationPlatforms) = preSolution
		Debug|Any CPU = Debug|Any CPU
		Release|Any CPU = Release|Any CPU
	EndGlobalSection
	GlobalSection(ProjectConfigurationPlatforms) = postSolution
		{01F2538C-32D0-4F4D-83AF-71584112C2F5}.Debug|Any CPU.ActiveCfg = Debug|Any CPU
		{01F2538C-32D0-4F4D-83AF-71584112C2F5}.Debug|Any CPU.Build.0 = Debug|Any CPU
		{01F2538C-32D0-4F4D-83AF-71584112C2F5}.Release|Any CPU.ActiveCfg = Release|Any CPU
		{01F2538C-32D0-4F4D-83AF-71584112C2F5}.Release|Any CPU.Build.0 = Release|Any CPU
	EndGlobalSection
	GlobalSection(SolutionProperties) = preSolution
		HideSolutionNode = FALSE
	EndGlobalSection
	GlobalSection(ExtensibilityGlobals) = postSolution
		SolutionGuid = {C2419769-BBCD-4AC9-8936-44F0DF7E47B7}
	EndGlobalSection
EndGlobal
